
Microsoft Visual Studio Solution File, Format Version 12.00
# Visual Studio Version 17
VisualStudioVersion = 17.5.002.0
MinimumVisualStudioVersion = 10.0.40219.1
Project("{2150E333-8FDC-42A3-9474-1A3956D46DE8}") = "prepare", "prepare", "{02CD82DA-7C28-433F-A78B-54EC6E382CAB}"
EndProject
Project("{9A19103F-16F7-4668-BE54-9A1E7A4F7556}") = "Learning02", "prepare\Learning02\Learning02.csproj", "{486DE7AE-E140-4044-AB23-62FA11FEAA22}"
EndProject
Project("{9A19103F-16F7-4668-BE54-9A1E7A4F7556}") = "Learning05", "prepare\Learning05\Learning05.csproj", "{6A8BDA0E-07CF-4F2A-96BF-EFF56C01DBAE}"
EndProject
Project("{9A19103F-16F7-4668-BE54-9A1E7A4F7556}") = "Learning04", "prepare\Learning04\Learning04.csproj", "{70E47083-D17C-4D55-8F8F-B220C984584F}"
EndProject
Project("{9A19103F-16F7-4668-BE54-9A1E7A4F7556}") = "Learning03", "prepare\Learning03\Learning03.csproj", "{AB5EE2A8-462F-4C24-93CC-11378651B048}"
EndProject
Project("{2150E333-8FDC-42A3-9474-1A3956D46DE8}") = "prove", "prove", "{3A4A774B-8100-4325-AF6B-212546DE5A3E}"
EndProject
Project("{9A19103F-16F7-4668-BE54-9A1E7A4F7556}") = "Develop03", "prove\Develop03\Develop03.csproj", "{CC234F75-503A-4A53-A136-19EFE9CFF93E}"
EndProject
Project("{9A19103F-16F7-4668-BE54-9A1E7A4F7556}") = "Develop04", "prove\Develop04\Develop04.csproj", "{6CCBDB41-3A5E-4518-B91F-2DA1B622553D}"
EndProject
Project("{9A19103F-16F7-4668-BE54-9A1E7A4F7556}") = "Develop05", "prove\Develop05\Develop05.csproj", "{EE1FA2CA-9B67-4BFF-87F3-2085B3B8F23A}"
EndProject
Project("{9A19103F-16F7-4668-BE54-9A1E7A4F7556}") = "Develop02", "prove\Develop02\Develop02.csproj", "{99CE2504-C0F0-45FC-8892-C8216B173ED4}"
EndProject
Project("{2150E333-8FDC-42A3-9474-1A3956D46DE8}") = "sandbox", "sandbox", "{6DD94CB2-061B-43FA-B568-D2D018CBAC7E}"
EndProject
Project("{9A19103F-16F7-4668-BE54-9A1E7A4F7556}") = "Sandbox", "sandbox\Sandbox\Sandbox.csproj", "{027DC243-1B8D-40BB-8059-C1E332B78329}"
EndProject
Project("{2150E333-8FDC-42A3-9474-1A3956D46DE8}") = "final", "final", "{51AF77C6-7C86-4438-BB82-0D5B69E44698}"
EndProject
Project("{9A19103F-16F7-4668-BE54-9A1E7A4F7556}") = "FinalProject", "final\FinalProject\FinalProject.csproj", "{712464E0-41FF-493C-8902-3841CB4DFB04}"
EndProject
Project("{9A19103F-16F7-4668-BE54-9A1E7A4F7556}") = "Foundation1", "final\Foundation1\Foundation1.csproj", "{E86EEEF1-3D82-44A3-AFDB-DE52D67C855D}"
EndProject
Project("{9A19103F-16F7-4668-BE54-9A1E7A4F7556}") = "Foundation4", "final\Foundation4\Foundation4.csproj", "{80E5A5CF-C91F-43A9-B7E3-5C7172104D28}"
EndProject
Project("{9A19103F-16F7-4668-BE54-9A1E7A4F7556}") = "Foundation3", "final\Foundation3\Foundation3.csproj", "{B43012DC-7548-49D0-881C-139AEB5BE9AB}"
EndProject
Project("{9A19103F-16F7-4668-BE54-9A1E7A4F7556}") = "Foundation2", "final\Foundation2\Foundation2.csproj", "{3CA81468-CAA4-4D2E-B5E9-078C25FBFD28}"
EndProject
Project("{2150E333-8FDC-42A3-9474-1A3956D46DE8}") = "csharp-prep", "csharp-prep", "{06A7BB5E-F1FC-4562-83A0-32A712B4154D}"
EndProject
Project("{9A19103F-16F7-4668-BE54-9A1E7A4F7556}") = "Prep1", "csharp-prep\Prep1\Prep1.csproj", "{3DD8D1B1-A6B2-4A34-B995-87C125893932}"
EndProject
Project("{9A19103F-16F7-4668-BE54-9A1E7A4F7556}") = "Prep5", "csharp-prep\Prep5\Prep5.csproj", "{487AA360-A402-4125-BDEE-DEDC471EBD85}"
EndProject
Project("{9A19103F-16F7-4668-BE54-9A1E7A4F7556}") = "Prep2", "csharp-prep\Prep2\Prep2.csproj", "{13496EFF-6308-49CA-B713-444AD492364F}"
EndProject
Project("{9A19103F-16F7-4668-BE54-9A1E7A4F7556}") = "Prep3", "csharp-prep\Prep3\Prep3.csproj", "{17D19488-4B8C-4AD3-B40A-FF9DD88B5310}"
EndProject
Project("{9A19103F-16F7-4668-BE54-9A1E7A4F7556}") = "Prep4", "csharp-prep\Prep4\Prep4.csproj", "{1998B3DE-853E-4CE8-B4D3-507C53B56833}"
EndProject
Global
	GlobalSection(SolutionConfigurationPlatforms) = preSolution
		Debug|Any CPU = Debug|Any CPU
		Release|Any CPU = Release|Any CPU
	EndGlobalSection
	GlobalSection(ProjectConfigurationPlatforms) = postSolution
		{486DE7AE-E140-4044-AB23-62FA11FEAA22}.Debug|Any CPU.ActiveCfg = Debug|Any CPU
		{486DE7AE-E140-4044-AB23-62FA11FEAA22}.Debug|Any CPU.Build.0 = Debug|Any CPU
		{486DE7AE-E140-4044-AB23-62FA11FEAA22}.Release|Any CPU.ActiveCfg = Release|Any CPU
		{486DE7AE-E140-4044-AB23-62FA11FEAA22}.Release|Any CPU.Build.0 = Release|Any CPU
		{6A8BDA0E-07CF-4F2A-96BF-EFF56C01DBAE}.Debug|Any CPU.ActiveCfg = Debug|Any CPU
		{6A8BDA0E-07CF-4F2A-96BF-EFF56C01DBAE}.Debug|Any CPU.Build.0 = Debug|Any CPU
		{6A8BDA0E-07CF-4F2A-96BF-EFF56C01DBAE}.Release|Any CPU.ActiveCfg = Release|Any CPU
		{6A8BDA0E-07CF-4F2A-96BF-EFF56C01DBAE}.Release|Any CPU.Build.0 = Release|Any CPU
		{70E47083-D17C-4D55-8F8F-B220C984584F}.Debug|Any CPU.ActiveCfg = Debug|Any CPU
		{70E47083-D17C-4D55-8F8F-B220C984584F}.Debug|Any CPU.Build.0 = Debug|Any CPU
		{70E47083-D17C-4D55-8F8F-B220C984584F}.Release|Any CPU.ActiveCfg = Release|Any CPU
		{70E47083-D17C-4D55-8F8F-B220C984584F}.Release|Any CPU.Build.0 = Release|Any CPU
		{AB5EE2A8-462F-4C24-93CC-11378651B048}.Debug|Any CPU.ActiveCfg = Debug|Any CPU
		{AB5EE2A8-462F-4C24-93CC-11378651B048}.Debug|Any CPU.Build.0 = Debug|Any CPU
		{AB5EE2A8-462F-4C24-93CC-11378651B048}.Release|Any CPU.ActiveCfg = Release|Any CPU
		{AB5EE2A8-462F-4C24-93CC-11378651B048}.Release|Any CPU.Build.0 = Release|Any CPU
		{CC234F75-503A-4A53-A136-19EFE9CFF93E}.Debug|Any CPU.ActiveCfg = Debug|Any CPU
		{CC234F75-503A-4A53-A136-19EFE9CFF93E}.Debug|Any CPU.Build.0 = Debug|Any CPU
		{CC234F75-503A-4A53-A136-19EFE9CFF93E}.Release|Any CPU.ActiveCfg = Release|Any CPU
		{CC234F75-503A-4A53-A136-19EFE9CFF93E}.Release|Any CPU.Build.0 = Release|Any CPU
		{6CCBDB41-3A5E-4518-B91F-2DA1B622553D}.Debug|Any CPU.ActiveCfg = Debug|Any CPU
		{6CCBDB41-3A5E-4518-B91F-2DA1B622553D}.Debug|Any CPU.Build.0 = Debug|Any CPU
		{6CCBDB41-3A5E-4518-B91F-2DA1B622553D}.Release|Any CPU.ActiveCfg = Release|Any CPU
		{6CCBDB41-3A5E-4518-B91F-2DA1B622553D}.Release|Any CPU.Build.0 = Release|Any CPU
		{EE1FA2CA-9B67-4BFF-87F3-2085B3B8F23A}.Debug|Any CPU.ActiveCfg = Debug|Any CPU
		{EE1FA2CA-9B67-4BFF-87F3-2085B3B8F23A}.Debug|Any CPU.Build.0 = Debug|Any CPU
		{EE1FA2CA-9B67-4BFF-87F3-2085B3B8F23A}.Release|Any CPU.ActiveCfg = Release|Any CPU
		{EE1FA2CA-9B67-4BFF-87F3-2085B3B8F23A}.Release|Any CPU.Build.0 = Release|Any CPU
		{99CE2504-C0F0-45FC-8892-C8216B173ED4}.Debug|Any CPU.ActiveCfg = Debug|Any CPU
		{99CE2504-C0F0-45FC-8892-C8216B173ED4}.Debug|Any CPU.Build.0 = Debug|Any CPU
		{99CE2504-C0F0-45FC-8892-C8216B173ED4}.Release|Any CPU.ActiveCfg = Release|Any CPU
		{99CE2504-C0F0-45FC-8892-C8216B173ED4}.Release|Any CPU.Build.0 = Release|Any CPU
		{027DC243-1B8D-40BB-8059-C1E332B78329}.Debug|Any CPU.ActiveCfg = Debug|Any CPU
		{027DC243-1B8D-40BB-8059-C1E332B78329}.Debug|Any CPU.Build.0 = Debug|Any CPU
		{027DC243-1B8D-40BB-8059-C1E332B78329}.Release|Any CPU.ActiveCfg = Release|Any CPU
		{027DC243-1B8D-40BB-8059-C1E332B78329}.Release|Any CPU.Build.0 = Release|Any CPU
		{712464E0-41FF-493C-8902-3841CB4DFB04}.Debug|Any CPU.ActiveCfg = Debug|Any CPU
		{712464E0-41FF-493C-8902-3841CB4DFB04}.Debug|Any CPU.Build.0 = Debug|Any CPU
		{712464E0-41FF-493C-8902-3841CB4DFB04}.Release|Any CPU.ActiveCfg = Release|Any CPU
		{712464E0-41FF-493C-8902-3841CB4DFB04}.Release|Any CPU.Build.0 = Release|Any CPU
		{E86EEEF1-3D82-44A3-AFDB-DE52D67C855D}.Debug|Any CPU.ActiveCfg = Debug|Any CPU
		{E86EEEF1-3D82-44A3-AFDB-DE52D67C855D}.Debug|Any CPU.Build.0 = Debug|Any CPU
		{E86EEEF1-3D82-44A3-AFDB-DE52D67C855D}.Release|Any CPU.ActiveCfg = Release|Any CPU
		{E86EEEF1-3D82-44A3-AFDB-DE52D67C855D}.Release|Any CPU.Build.0 = Release|Any CPU
		{80E5A5CF-C91F-43A9-B7E3-5C7172104D28}.Debug|Any CPU.ActiveCfg = Debug|Any CPU
		{80E5A5CF-C91F-43A9-B7E3-5C7172104D28}.Debug|Any CPU.Build.0 = Debug|Any CPU
		{80E5A5CF-C91F-43A9-B7E3-5C7172104D28}.Release|Any CPU.ActiveCfg = Release|Any CPU
		{80E5A5CF-C91F-43A9-B7E3-5C7172104D28}.Release|Any CPU.Build.0 = Release|Any CPU
		{B43012DC-7548-49D0-881C-139AEB5BE9AB}.Debug|Any CPU.ActiveCfg = Debug|Any CPU
		{B43012DC-7548-49D0-881C-139AEB5BE9AB}.Debug|Any CPU.Build.0 = Debug|Any CPU
		{B43012DC-7548-49D0-881C-139AEB5BE9AB}.Release|Any CPU.ActiveCfg = Release|Any CPU
		{B43012DC-7548-49D0-881C-139AEB5BE9AB}.Release|Any CPU.Build.0 = Release|Any CPU
		{3CA81468-CAA4-4D2E-B5E9-078C25FBFD28}.Debug|Any CPU.ActiveCfg = Debug|Any CPU
		{3CA81468-CAA4-4D2E-B5E9-078C25FBFD28}.Debug|Any CPU.Build.0 = Debug|Any CPU
		{3CA81468-CAA4-4D2E-B5E9-078C25FBFD28}.Release|Any CPU.ActiveCfg = Release|Any CPU
		{3CA81468-CAA4-4D2E-B5E9-078C25FBFD28}.Release|Any CPU.Build.0 = Release|Any CPU
		{3DD8D1B1-A6B2-4A34-B995-87C125893932}.Debug|Any CPU.ActiveCfg = Debug|Any CPU
		{3DD8D1B1-A6B2-4A34-B995-87C125893932}.Debug|Any CPU.Build.0 = Debug|Any CPU
		{3DD8D1B1-A6B2-4A34-B995-87C125893932}.Release|Any CPU.ActiveCfg = Release|Any CPU
		{3DD8D1B1-A6B2-4A34-B995-87C125893932}.Release|Any CPU.Build.0 = Release|Any CPU
		{487AA360-A402-4125-BDEE-DEDC471EBD85}.Debug|Any CPU.ActiveCfg = Debug|Any CPU
		{487AA360-A402-4125-BDEE-DEDC471EBD85}.Debug|Any CPU.Build.0 = Debug|Any CPU
		{487AA360-A402-4125-BDEE-DEDC471EBD85}.Release|Any CPU.ActiveCfg = Release|Any CPU
		{487AA360-A402-4125-BDEE-DEDC471EBD85}.Release|Any CPU.Build.0 = Release|Any CPU
		{13496EFF-6308-49CA-B713-444AD492364F}.Debug|Any CPU.ActiveCfg = Debug|Any CPU
		{13496EFF-6308-49CA-B713-444AD492364F}.Debug|Any CPU.Build.0 = Debug|Any CPU
		{13496EFF-6308-49CA-B713-444AD492364F}.Release|Any CPU.ActiveCfg = Release|Any CPU
		{13496EFF-6308-49CA-B713-444AD492364F}.Release|Any CPU.Build.0 = Release|Any CPU
		{17D19488-4B8C-4AD3-B40A-FF9DD88B5310}.Debug|Any CPU.ActiveCfg = Debug|Any CPU
		{17D19488-4B8C-4AD3-B40A-FF9DD88B5310}.Debug|Any CPU.Build.0 = Debug|Any CPU
		{17D19488-4B8C-4AD3-B40A-FF9DD88B5310}.Release|Any CPU.ActiveCfg = Release|Any CPU
		{17D19488-4B8C-4AD3-B40A-FF9DD88B5310}.Release|Any CPU.Build.0 = Release|Any CPU
		{1998B3DE-853E-4CE8-B4D3-507C53B56833}.Debug|Any CPU.ActiveCfg = Debug|Any CPU
		{1998B3DE-853E-4CE8-B4D3-507C53B56833}.Debug|Any CPU.Build.0 = Debug|Any CPU
		{1998B3DE-853E-4CE8-B4D3-507C53B56833}.Release|Any CPU.ActiveCfg = Release|Any CPU
		{1998B3DE-853E-4CE8-B4D3-507C53B56833}.Release|Any CPU.Build.0 = Release|Any CPU
	EndGlobalSection
	GlobalSection(SolutionProperties) = preSolution
		HideSolutionNode = FALSE
	EndGlobalSection
	GlobalSection(NestedProjects) = preSolution
		{486DE7AE-E140-4044-AB23-62FA11FEAA22} = {02CD82DA-7C28-433F-A78B-54EC6E382CAB}
		{6A8BDA0E-07CF-4F2A-96BF-EFF56C01DBAE} = {02CD82DA-7C28-433F-A78B-54EC6E382CAB}
		{70E47083-D17C-4D55-8F8F-B220C984584F} = {02CD82DA-7C28-433F-A78B-54EC6E382CAB}
		{AB5EE2A8-462F-4C24-93CC-11378651B048} = {02CD82DA-7C28-433F-A78B-54EC6E382CAB}
		{CC234F75-503A-4A53-A136-19EFE9CFF93E} = {3A4A774B-8100-4325-AF6B-212546DE5A3E}
		{6CCBDB41-3A5E-4518-B91F-2DA1B622553D} = {3A4A774B-8100-4325-AF6B-212546DE5A3E}
		{EE1FA2CA-9B67-4BFF-87F3-2085B3B8F23A} = {3A4A774B-8100-4325-AF6B-212546DE5A3E}
		{99CE2504-C0F0-45FC-8892-C8216B173ED4} = {3A4A774B-8100-4325-AF6B-212546DE5A3E}
		{027DC243-1B8D-40BB-8059-C1E332B78329} = {6DD94CB2-061B-43FA-B568-D2D018CBAC7E}
		{712464E0-41FF-493C-8902-3841CB4DFB04} = {51AF77C6-7C86-4438-BB82-0D5B69E44698}
		{E86EEEF1-3D82-44A3-AFDB-DE52D67C855D} = {51AF77C6-7C86-4438-BB82-0D5B69E44698}
		{80E5A5CF-C91F-43A9-B7E3-5C7172104D28} = {51AF77C6-7C86-4438-BB82-0D5B69E44698}
		{B43012DC-7548-49D0-881C-139AEB5BE9AB} = {51AF77C6-7C86-4438-BB82-0D5B69E44698}
		{3CA81468-CAA4-4D2E-B5E9-078C25FBFD28} = {51AF77C6-7C86-4438-BB82-0D5B69E44698}
		{3DD8D1B1-A6B2-4A34-B995-87C125893932} = {06A7BB5E-F1FC-4562-83A0-32A712B4154D}
		{487AA360-A402-4125-BDEE-DEDC471EBD85} = {06A7BB5E-F1FC-4562-83A0-32A712B4154D}
		{13496EFF-6308-49CA-B713-444AD492364F} = {06A7BB5E-F1FC-4562-83A0-32A712B4154D}
		{17D19488-4B8C-4AD3-B40A-FF9DD88B5310} = {06A7BB5E-F1FC-4562-83A0-32A712B4154D}
		{1998B3DE-853E-4CE8-B4D3-507C53B56833} = {06A7BB5E-F1FC-4562-83A0-32A712B4154D}
	EndGlobalSection
	GlobalSection(ExtensibilityGlobals) = postSolution
		SolutionGuid = {4A6D9011-653E-412B-978F-7C10AD2FDD96}
	EndGlobalSection
EndGlobal
